<?xml version="1.0" encoding="utf-8"?>
<Project ToolsVersion="4.0" xmlns="http://schemas.microsoft.com/developer/msbuild/2003">
  <ItemGroup>
    <Filter Include="Animation">
      <UniqueIdentifier>{007f0317-824d-4f42-8224-db69449fdaeb}</UniqueIdentifier>
    </Filter>
    <Filter Include="Object">
      <UniqueIdentifier>{4154b75e-cd42-4234-9862-4744c173c476}</UniqueIdentifier>
    </Filter>
    <Filter Include="Object\Ants">
      <UniqueIdentifier>{1e0bbe3b-eb3c-4115-a540-b81ab5ed671f}</UniqueIdentifier>
    </Filter>
    <Filter Include="Object\Colony">
      <UniqueIdentifier>{8d84c440-b8dd-487a-8704-c8a1e4a75398}</UniqueIdentifier>
    </Filter>
    <Filter Include="Object\Terrain">
      <UniqueIdentifier>{cabf95bf-7ecc-475f-89fc-01b82b10bc38}</UniqueIdentifier>
    </Filter>
  </ItemGroup>
  <ItemGroup>
    <ClCompile Include="Source.cpp" />
    <ClCompile Include="Animation\Animation.cpp" />
    <ClCompile Include="Objects\Ants\Ant\Ant.cpp" />
    <ClCompile Include="Objects\Ants\Larva\Larva.cpp" />
    <ClCompile Include="Objects\Ants\LittleAnt\LittleAnt.cpp" />
    <ClCompile Include="Objects\Colony\AntColony.cpp" />
    <ClCompile Include="Objects\Terrain\Terrain.cpp" />
    <ClCompile Include="Objects\Object.cpp" />
    <ClCompile Include="Objects\ControlPanel\ControlPanel.cpp" />
    <ClCompile Include="Objects\ControlPanel\TextFields\TextField.cpp" />
  </ItemGroup>
  <ItemGroup>
    <ClInclude Include="definitions.h" />
    <ClInclude Include="Animation\Animation.h" />
    <ClInclude Include="Objects\Ants\Ant\Ant.h" />
    <ClInclude Include="Objects\Ants\Larva\Larva.h" />
    <ClInclude Include="Objects\Ants\LittleAnt\LittleAnt.h" />
    <ClInclude Include="Objects\Colony\AntColony.h" />
    <ClInclude Include="Objects\Terrain\Terrain.h" />
    <ClInclude Include="Objects\Object.h" />
    <ClInclude Include="Objects\ControlPanel\ControlPanel.h" />
    <ClInclude Include="Objects\ControlPanel\TextFields\TextField.h" />
  </ItemGroup>
</Project>